<?xml version="1.0" encoding="utf-8"?>
<Project ToolsVersion="4.0" xmlns="http://schemas.microsoft.com/developer/msbuild/2003">
  <ItemGroup>
    <Filter Include="Main">
      <UniqueIdentifier>{a1f45aa7-ab88-43ef-a9b6-d5863e14a58f}</UniqueIdentifier>
    </Filter>
    <Filter Include="Shader">
      <UniqueIdentifier>{2bfa6dde-bf20-4ac2-bdf8-5b336d8989b0}</UniqueIdentifier>
    </Filter>
    <Filter Include="Render">
      <UniqueIdentifier>{5364aa9f-44b1-4bad-9e84-c15022a736a8}</UniqueIdentifier>
    </Filter>
    <Filter Include="Utility">
      <UniqueIdentifier>{9c3dc188-9a2b-46a2-bd88-b659c6810e87}</UniqueIdentifier>
    </Filter>
    <Filter Include="System">
      <UniqueIdentifier>{daab8825-a483-41c2-96ef-ae540ba3010f}</UniqueIdentifier>
    </Filter>
    <Filter Include="Resource">
      <UniqueIdentifier>{3c1dbf24-4b1f-4fb8-b88d-e864f3598e57}</UniqueIdentifier>
    </Filter>
    <Filter Include="Controller">
      <UniqueIdentifier>{2cd16eb6-aeab-4523-963b-24f279848da1}</UniqueIdentifier>
    </Filter>
    <Filter Include="Geometry">
      <UniqueIdentifier>{1997656d-f4a0-4792-912d-27d66c3dbae6}</UniqueIdentifier>
    </Filter>
    <Filter Include="Scene">
      <UniqueIdentifier>{ccf111de-cc11-4ba5-bbb6-e3f4c2e52b19}</UniqueIdentifier>
    </Filter>
  </ItemGroup>
  <ItemGroup>
    <ClCompile Include="main.cpp" />
    <ClCompile Include="stdafx.cpp" />
    <ClCompile Include="Controller\Button.cpp">
      <Filter>Controller</Filter>
    </ClCompile>
    <ClCompile Include="Controller\CameraController.cpp">
      <Filter>Controller</Filter>
    </ClCompile>
    <ClCompile Include="Controller\Controller.cpp">
      <Filter>Controller</Filter>
    </ClCompile>
    <ClCompile Include="Controller\ControllerFactory.cpp">
      <Filter>Controller</Filter>
    </ClCompile>
    <ClCompile Include="Controller\ControllerManager.cpp">
      <Filter>Controller</Filter>
    </ClCompile>
    <ClCompile Include="Controller\Filebrowser.cpp">
      <Filter>Controller</Filter>
    </ClCompile>
    <ClCompile Include="Controller\GizmoController.cpp">
      <Filter>Controller</Filter>
    </ClCompile>
    <ClCompile Include="Controller\Input.cpp">
      <Filter>Controller</Filter>
    </ClCompile>
    <ClCompile Include="Controller\MaterialController.cpp">
      <Filter>Controller</Filter>
    </ClCompile>
    <ClCompile Include="Geometry\Mesh.cpp">
      <Filter>Geometry</Filter>
    </ClCompile>
    <ClCompile Include="Geometry\Sphere.cpp">
      <Filter>Geometry</Filter>
    </ClCompile>
    <ClCompile Include="Main\Application.cpp">
      <Filter>Main</Filter>
    </ClCompile>
    <ClCompile Include="Render\Light.cpp">
      <Filter>Render</Filter>
    </ClCompile>
    <ClCompile Include="Render\Material.cpp">
      <Filter>Render</Filter>
    </ClCompile>
    <ClCompile Include="Render\Renderer.cpp">
      <Filter>Render</Filter>
    </ClCompile>
    <ClCompile Include="Render\Shader.cpp">
      <Filter>Render</Filter>
    </ClCompile>
    <ClCompile Include="Resource\ConstantBuffer.cpp">
      <Filter>Resource</Filter>
    </ClCompile>
    <ClCompile Include="Resource\PrimitiveBuffer.cpp">
      <Filter>Resource</Filter>
    </ClCompile>
    <ClCompile Include="Resource\Texture.cpp">
      <Filter>Resource</Filter>
    </ClCompile>
    <ClCompile Include="System\Callback.cpp">
      <Filter>System</Filter>
    </ClCompile>
    <ClCompile Include="System\Camera.cpp">
      <Filter>System</Filter>
    </ClCompile>
    <ClCompile Include="System\D3D.cpp">
      <Filter>System</Filter>
    </ClCompile>
    <ClCompile Include="System\Level.cpp">
      <Filter>System</Filter>
    </ClCompile>
    <ClCompile Include="System\System.cpp">
      <Filter>System</Filter>
    </ClCompile>
    <ClCompile Include="System\Transform.cpp">
      <Filter>System</Filter>
    </ClCompile>
    <ClCompile Include="Utility\Debugger.cpp">
      <Filter>Utility</Filter>
    </ClCompile>
    <ClCompile Include="Utility\FileManager.cpp">
      <Filter>Utility</Filter>
    </ClCompile>
    <ClCompile Include="Utility\Path.cpp">
      <Filter>Utility</Filter>
    </ClCompile>
  </ItemGroup>
  <ItemGroup>
    <ClInclude Include="stdafx.h" />
    <ClInclude Include="Controller\Button.h">
      <Filter>Controller</Filter>
    </ClInclude>
    <ClInclude Include="Controller\CameraController.h">
      <Filter>Controller</Filter>
    </ClInclude>
    <ClInclude Include="Controller\Controller.h">
      <Filter>Controller</Filter>
    </ClInclude>
    <ClInclude Include="Controller\ControllerFactory.h">
      <Filter>Controller</Filter>
    </ClInclude>
    <ClInclude Include="Controller\ControllerManager.h">
      <Filter>Controller</Filter>
    </ClInclude>
    <ClInclude Include="Controller\Filebrowser.h">
      <Filter>Controller</Filter>
    </ClInclude>
    <ClInclude Include="Controller\GizmoController.h">
      <Filter>Controller</Filter>
    </ClInclude>
    <ClInclude Include="Controller\Input.h">
      <Filter>Controller</Filter>
    </ClInclude>
    <ClInclude Include="Controller\MaterialController.h">
      <Filter>Controller</Filter>
    </ClInclude>
    <ClInclude Include="Geometry\Mesh.h">
      <Filter>Geometry</Filter>
    </ClInclude>
    <ClInclude Include="Geometry\Sphere.h">
      <Filter>Geometry</Filter>
    </ClInclude>
    <ClInclude Include="Main\Application.h">
      <Filter>Main</Filter>
    </ClInclude>
    <ClInclude Include="Render\Light.h">
      <Filter>Render</Filter>
    </ClInclude>
    <ClInclude Include="Render\Material.h">
      <Filter>Render</Filter>
    </ClInclude>
    <ClInclude Include="Render\RenderCommon.h">
      <Filter>Render</Filter>
    </ClInclude>
    <ClInclude Include="Render\Renderer.h">
      <Filter>Render</Filter>
    </ClInclude>
    <ClInclude Include="Render\Shader.h">
      <Filter>Render</Filter>
    </ClInclude>
    <ClInclude Include="Resource\ConstantBuffer.h">
      <Filter>Resource</Filter>
    </ClInclude>
    <ClInclude Include="Resource\IBuffer.h">
      <Filter>Resource</Filter>
    </ClInclude>
    <ClInclude Include="Resource\PrimitiveBuffer.h">
      <Filter>Resource</Filter>
    </ClInclude>
    <ClInclude Include="Resource\Texture.h">
      <Filter>Resource</Filter>
    </ClInclude>
    <ClInclude Include="System\Callback.h">
      <Filter>System</Filter>
    </ClInclude>
    <ClInclude Include="System\Camera.h">
      <Filter>System</Filter>
    </ClInclude>
    <ClInclude Include="System\D3D.h">
      <Filter>System</Filter>
    </ClInclude>
    <ClInclude Include="System\Level.h">
      <Filter>System</Filter>
    </ClInclude>
    <ClInclude Include="System\System.h">
      <Filter>System</Filter>
    </ClInclude>
    <ClInclude Include="System\Transform.h">
      <Filter>System</Filter>
    </ClInclude>
    <ClInclude Include="Utility\Debugger.h">
      <Filter>Utility</Filter>
    </ClInclude>
    <ClInclude Include="Utility\FileManager.h">
      <Filter>Utility</Filter>
    </ClInclude>
    <ClInclude Include="Utility\Path.h">
      <Filter>Utility</Filter>
    </ClInclude>
    <ClInclude Include="Scene.h">
      <Filter>Scene</Filter>
    </ClInclude>
  </ItemGroup>
  <ItemGroup>
    <FxCompile Include="Shader\VS.hlsl">
      <Filter>Shader</Filter>
    </FxCompile>
    <FxCompile Include="Shader\PS.hlsl">
      <Filter>Shader</Filter>
    </FxCompile>
    <FxCompile Include="Shader\Phong.hlsl">
      <Filter>Shader</Filter>
    </FxCompile>
  </ItemGroup>
</Project>