<?xml version="1.0" encoding="utf-8"?>
<Project ToolsVersion="4.0" xmlns="http://schemas.microsoft.com/developer/msbuild/2003">
  <ItemGroup>
    <Filter Include="Main">
      <UniqueIdentifier>{a1f45aa7-ab88-43ef-a9b6-d5863e14a58f}</UniqueIdentifier>
    </Filter>
    <Filter Include="Shader">
      <UniqueIdentifier>{2bfa6dde-bf20-4ac2-bdf8-5b336d8989b0}</UniqueIdentifier>
    </Filter>
    <Filter Include="Render">
      <UniqueIdentifier>{5364aa9f-44b1-4bad-9e84-c15022a736a8}</UniqueIdentifier>
    </Filter>
    <Filter Include="Utility">
      <UniqueIdentifier>{9c3dc188-9a2b-46a2-bd88-b659c6810e87}</UniqueIdentifier>
    </Filter>
    <Filter Include="System">
      <UniqueIdentifier>{daab8825-a483-41c2-96ef-ae540ba3010f}</UniqueIdentifier>
    </Filter>
    <Filter Include="Resource">
      <UniqueIdentifier>{3c1dbf24-4b1f-4fb8-b88d-e864f3598e57}</UniqueIdentifier>
    </Filter>
    <Filter Include="Mesh">
      <UniqueIdentifier>{1997656d-f4a0-4792-912d-27d66c3dbae6}</UniqueIdentifier>
    </Filter>
    <Filter Include="Controller">
      <UniqueIdentifier>{2cd16eb6-aeab-4523-963b-24f279848da1}</UniqueIdentifier>
    </Filter>
  </ItemGroup>
  <ItemGroup>
    <ClCompile Include="FileManager.cpp">
      <Filter>Utility</Filter>
    </ClCompile>
    <ClCompile Include="GizmoController.cpp">
      <Filter>Controller</Filter>
    </ClCompile>
    <ClCompile Include="RenderPass.cpp">
      <Filter>Render</Filter>
    </ClCompile>
    <ClCompile Include="main.cpp" />
    <ClCompile Include="IImageLoader.h">
      <Filter>Render</Filter>
    </ClCompile>
    <ClCompile Include="Path.cpp">
      <Filter>Utility</Filter>
    </ClCompile>
    <ClCompile Include="Camera.cpp">
      <Filter>System</Filter>
    </ClCompile>
    <ClCompile Include="Transform.cpp">
      <Filter>System</Filter>
    </ClCompile>
    <ClCompile Include="System.cpp">
      <Filter>System</Filter>
    </ClCompile>
    <ClCompile Include="D3D.cpp">
      <Filter>System</Filter>
    </ClCompile>
    <ClCompile Include="ConstantBuffer.cpp">
      <Filter>Resource</Filter>
    </ClCompile>
    <ClCompile Include="Texture.cpp">
      <Filter>Resource</Filter>
    </ClCompile>
    <ClCompile Include="PrimitiveBuffer.cpp">
      <Filter>Resource</Filter>
    </ClCompile>
    <ClCompile Include="Sphere.cpp">
      <Filter>Mesh</Filter>
    </ClCompile>
    <ClCompile Include="Material.cpp">
      <Filter>Render</Filter>
    </ClCompile>
    <ClCompile Include="Level.cpp">
      <Filter>System</Filter>
    </ClCompile>
    <ClCompile Include="Mesh.cpp">
      <Filter>Mesh</Filter>
    </ClCompile>
    <ClCompile Include="MaterialController.cpp">
      <Filter>Controller</Filter>
    </ClCompile>
    <ClCompile Include="ControllerManager.cpp">
      <Filter>Controller</Filter>
    </ClCompile>
    <ClCompile Include="Controller.cpp">
      <Filter>Controller</Filter>
    </ClCompile>
    <ClCompile Include="stdafx.cpp" />
    <ClCompile Include="ButtonController.cpp">
      <Filter>Controller</Filter>
    </ClCompile>
    <ClCompile Include="Callback.cpp">
      <Filter>System</Filter>
    </ClCompile>
    <ClCompile Include="ControllerFactory.cpp">
      <Filter>Controller</Filter>
    </ClCompile>
    <ClCompile Include="Renderer.cpp">
      <Filter>Render</Filter>
    </ClCompile>
    <ClCompile Include="Application.cpp">
      <Filter>Main</Filter>
    </ClCompile>
    <ClCompile Include="Input.cpp">
      <Filter>Controller</Filter>
    </ClCompile>
  </ItemGroup>
  <ItemGroup>
    <ClInclude Include="FileManager.h">
      <Filter>Utility</Filter>
    </ClInclude>
    <ClInclude Include="GizmoController.h">
      <Filter>Controller</Filter>
    </ClInclude>
    <ClInclude Include="RenderPass.h">
      <Filter>Render</Filter>
    </ClInclude>
    <ClInclude Include="RenderCommon.h">
      <Filter>Render</Filter>
    </ClInclude>
    <ClInclude Include="IImageValidator.h">
      <Filter>Render</Filter>
    </ClInclude>
    <ClInclude Include="ITextureDescriptor.h">
      <Filter>Render</Filter>
    </ClInclude>
    <ClInclude Include="Path.h">
      <Filter>Utility</Filter>
    </ClInclude>
    <ClInclude Include="IResource.h">
      <Filter>Render</Filter>
    </ClInclude>
    <ClInclude Include="Camera.h">
      <Filter>System</Filter>
    </ClInclude>
    <ClInclude Include="Transform.h">
      <Filter>System</Filter>
    </ClInclude>
    <ClInclude Include="System.h">
      <Filter>System</Filter>
    </ClInclude>
    <ClInclude Include="D3D.h">
      <Filter>System</Filter>
    </ClInclude>
    <ClInclude Include="ConstantBuffer.h">
      <Filter>Resource</Filter>
    </ClInclude>
    <ClInclude Include="Texture.h">
      <Filter>Resource</Filter>
    </ClInclude>
    <ClInclude Include="PrimitiveBuffer.h">
      <Filter>Resource</Filter>
    </ClInclude>
    <ClInclude Include="IBuffer.h">
      <Filter>Resource</Filter>
    </ClInclude>
    <ClInclude Include="Sphere.h">
      <Filter>Mesh</Filter>
    </ClInclude>
    <ClInclude Include="Material.h">
      <Filter>Render</Filter>
    </ClInclude>
    <ClInclude Include="Level.h">
      <Filter>System</Filter>
    </ClInclude>
    <ClInclude Include="Mesh.h">
      <Filter>Mesh</Filter>
    </ClInclude>
    <ClInclude Include="MaterialController.h">
      <Filter>Controller</Filter>
    </ClInclude>
    <ClInclude Include="ControllerManager.h">
      <Filter>Controller</Filter>
    </ClInclude>
    <ClInclude Include="Controller.h">
      <Filter>Controller</Filter>
    </ClInclude>
    <ClInclude Include="stdafx.h" />
    <ClInclude Include="ButtonController.h">
      <Filter>Controller</Filter>
    </ClInclude>
    <ClInclude Include="Callback.h">
      <Filter>System</Filter>
    </ClInclude>
    <ClInclude Include="ControllerFactory.h">
      <Filter>Controller</Filter>
    </ClInclude>
    <ClInclude Include="Renderer.h">
      <Filter>Render</Filter>
    </ClInclude>
    <ClInclude Include="Application.h">
      <Filter>Main</Filter>
    </ClInclude>
    <ClInclude Include="Input.h">
      <Filter>Controller</Filter>
    </ClInclude>
  </ItemGroup>
  <ItemGroup>
    <FxCompile Include="Shader\VS.hlsl">
      <Filter>Shader</Filter>
    </FxCompile>
    <FxCompile Include="Shader\PS.hlsl">
      <Filter>Shader</Filter>
    </FxCompile>
    <FxCompile Include="Shader\PhongPS.hlsl">
      <Filter>Shader</Filter>
    </FxCompile>
    <FxCompile Include="Shader\PhongVS.hlsl">
      <Filter>Shader</Filter>
    </FxCompile>
    <FxCompile Include="Shader\Phong.hlsl">
      <Filter>Shader</Filter>
    </FxCompile>
  </ItemGroup>
  <ItemGroup>
    <None Include="Shader\Phong.hlsli">
      <Filter>Shader</Filter>
    </None>
  </ItemGroup>
</Project>